// !$*UTF8*$!
{
	archiveVersion = 1;
	classes = {
	};
	objectVersion = 56;
	objects = {

/* Begin PBXBuildFile section */
		AC80469E2C65B0D700A90F1A /* TCA_ExampleApp.swift in Sources */ = {isa = PBXBuildFile; fileRef = AC80469D2C65B0D700A90F1A /* TCA_ExampleApp.swift */; };
		AC8046A02C65B0D700A90F1A /* ContentView.swift in Sources */ = {isa = PBXBuildFile; fileRef = AC80469F2C65B0D700A90F1A /* ContentView.swift */; };
		AC8046A22C65B0D900A90F1A /* Assets.xcassets in Resources */ = {isa = PBXBuildFile; fileRef = AC8046A12C65B0D900A90F1A /* Assets.xcassets */; };
		AC8046A52C65B0D900A90F1A /* Preview Assets.xcassets in Resources */ = {isa = PBXBuildFile; fileRef = AC8046A42C65B0D900A90F1A /* Preview Assets.xcassets */; };
		AC8046AF2C65B0D900A90F1A /* TCA_ExampleTests.swift in Sources */ = {isa = PBXBuildFile; fileRef = AC8046AE2C65B0D900A90F1A /* TCA_ExampleTests.swift */; };
		AC8046B92C65B0D900A90F1A /* TCA_ExampleUITests.swift in Sources */ = {isa = PBXBuildFile; fileRef = AC8046B82C65B0D900A90F1A /* TCA_ExampleUITests.swift */; };
		AC8046BB2C65B0D900A90F1A /* TCA_ExampleUITestsLaunchTests.swift in Sources */ = {isa = PBXBuildFile; fileRef = AC8046BA2C65B0D900A90F1A /* TCA_ExampleUITestsLaunchTests.swift */; };
		AC8046C82C65B32200A90F1A /* ContentViewFeature.swift in Sources */ = {isa = PBXBuildFile; fileRef = AC8046C72C65B32200A90F1A /* ContentViewFeature.swift */; };
		AC8046C92C65B32200A90F1A /* ContentViewFeature.swift in Sources */ = {isa = PBXBuildFile; fileRef = AC8046C72C65B32200A90F1A /* ContentViewFeature.swift */; };
		AC8046CC2C65B37300A90F1A /* ComposableArchitecture in Frameworks */ = {isa = PBXBuildFile; productRef = AC8046CB2C65B37300A90F1A /* ComposableArchitecture */; };
/* End PBXBuildFile section */

/* Begin PBXContainerItemProxy section */
		AC8046AB2C65B0D900A90F1A /* PBXContainerItemProxy */ = {
			isa = PBXContainerItemProxy;
			containerPortal = AC8046922C65B0D700A90F1A /* Project object */;
			proxyType = 1;
			remoteGlobalIDString = AC8046992C65B0D700A90F1A;
			remoteInfo = "TCA-Example";
		};
		AC8046B52C65B0D900A90F1A /* PBXContainerItemProxy */ = {
			isa = PBXContainerItemProxy;
			containerPortal = AC8046922C65B0D700A90F1A /* Project object */;
			proxyType = 1;
			remoteGlobalIDString = AC8046992C65B0D700A90F1A;
			remoteInfo = "TCA-Example";
		};
/* End PBXContainerItemProxy section */

/* Begin PBXFileReference section */
		AC80469A2C65B0D700A90F1A /* TCA-Example.app */ = {isa = PBXFileReference; explicitFileType = wrapper.application; includeInIndex = 0; path = "TCA-Example.app"; sourceTree = BUILT_PRODUCTS_DIR; };
		AC80469D2C65B0D700A90F1A /* TCA_ExampleApp.swift */ = {isa = PBXFileReference; lastKnownFileType = sourcecode.swift; path = TCA_ExampleApp.swift; sourceTree = "<group>"; };
		AC80469F2C65B0D700A90F1A /* ContentView.swift */ = {isa = PBXFileReference; lastKnownFileType = sourcecode.swift; path = ContentView.swift; sourceTree = "<group>"; };
		AC8046A12C65B0D900A90F1A /* Assets.xcassets */ = {isa = PBXFileReference; lastKnownFileType = folder.assetcatalog; path = Assets.xcassets; sourceTree = "<group>"; };
		AC8046A42C65B0D900A90F1A /* Preview Assets.xcassets */ = {isa = PBXFileReference; lastKnownFileType = folder.assetcatalog; path = "Preview Assets.xcassets"; sourceTree = "<group>"; };
		AC8046AA2C65B0D900A90F1A /* TCA-ExampleTests.xctest */ = {isa = PBXFileReference; explicitFileType = wrapper.cfbundle; includeInIndex = 0; path = "TCA-ExampleTests.xctest"; sourceTree = BUILT_PRODUCTS_DIR; };
		AC8046AE2C65B0D900A90F1A /* TCA_ExampleTests.swift */ = {isa = PBXFileReference; lastKnownFileType = sourcecode.swift; path = TCA_ExampleTests.swift; sourceTree = "<group>"; };
		AC8046B42C65B0D900A90F1A /* TCA-ExampleUITests.xctest */ = {isa = PBXFileReference; explicitFileType = wrapper.cfbundle; includeInIndex = 0; path = "TCA-ExampleUITests.xctest"; sourceTree = BUILT_PRODUCTS_DIR; };
		AC8046B82C65B0D900A90F1A /* TCA_ExampleUITests.swift */ = {isa = PBXFileReference; lastKnownFileType = sourcecode.swift; path = TCA_ExampleUITests.swift; sourceTree = "<group>"; };
		AC8046BA2C65B0D900A90F1A /* TCA_ExampleUITestsLaunchTests.swift */ = {isa = PBXFileReference; lastKnownFileType = sourcecode.swift; path = TCA_ExampleUITestsLaunchTests.swift; sourceTree = "<group>"; };
		AC8046C72C65B32200A90F1A /* ContentViewFeature.swift */ = {isa = PBXFileReference; lastKnownFileType = sourcecode.swift; path = ContentViewFeature.swift; sourceTree = "<group>"; };
/* End PBXFileReference section */

/* Begin PBXFrameworksBuildPhase section */
		AC8046972C65B0D700A90F1A /* Frameworks */ = {
			isa = PBXFrameworksBuildPhase;
			buildActionMask = 2147483647;
			files = (
				AC8046CC2C65B37300A90F1A /* ComposableArchitecture in Frameworks */,
			);
			runOnlyForDeploymentPostprocessing = 0;
		};
		AC8046A72C65B0D900A90F1A /* Frameworks */ = {
			isa = PBXFrameworksBuildPhase;
			buildActionMask = 2147483647;
			files = (
			);
			runOnlyForDeploymentPostprocessing = 0;
		};
		AC8046B12C65B0D900A90F1A /* Frameworks */ = {
			isa = PBXFrameworksBuildPhase;
			buildActionMask = 2147483647;
			files = (
			);
			runOnlyForDeploymentPostprocessing = 0;
		};
/* End PBXFrameworksBuildPhase section */

/* Begin PBXGroup section */
		AC8046912C65B0D700A90F1A = {
			isa = PBXGroup;
			children = (
				AC80469C2C65B0D700A90F1A /* TCA-Example */,
				AC8046AD2C65B0D900A90F1A /* TCA-ExampleTests */,
				AC8046B72C65B0D900A90F1A /* TCA-ExampleUITests */,
				AC80469B2C65B0D700A90F1A /* Products */,
			);
			sourceTree = "<group>";
		};
		AC80469B2C65B0D700A90F1A /* Products */ = {
			isa = PBXGroup;
			children = (
				AC80469A2C65B0D700A90F1A /* TCA-Example.app */,
				AC8046AA2C65B0D900A90F1A /* TCA-ExampleTests.xctest */,
				AC8046B42C65B0D900A90F1A /* TCA-ExampleUITests.xctest */,
			);
			name = Products;
			sourceTree = "<group>";
		};
		AC80469C2C65B0D700A90F1A /* TCA-Example */ = {
			isa = PBXGroup;
			children = (
				AC80469D2C65B0D700A90F1A /* TCA_ExampleApp.swift */,
				AC80469F2C65B0D700A90F1A /* ContentView.swift */,
				AC8046C72C65B32200A90F1A /* ContentViewFeature.swift */,
				AC8046A12C65B0D900A90F1A /* Assets.xcassets */,
				AC8046A32C65B0D900A90F1A /* Preview Content */,
			);
			path = "TCA-Example";
			sourceTree = "<group>";
		};
		AC8046A32C65B0D900A90F1A /* Preview Content */ = {
			isa = PBXGroup;
			children = (
				AC8046A42C65B0D900A90F1A /* Preview Assets.xcassets */,
			);
			path = "Preview Content";
			sourceTree = "<group>";
		};
		AC8046AD2C65B0D900A90F1A /* TCA-ExampleTests */ = {
			isa = PBXGroup;
			children = (
				AC8046AE2C65B0D900A90F1A /* TCA_ExampleTests.swift */,
			);
			path = "TCA-ExampleTests";
			sourceTree = "<group>";
		};
		AC8046B72C65B0D900A90F1A /* TCA-ExampleUITests */ = {
			isa = PBXGroup;
			children = (
				AC8046B82C65B0D900A90F1A /* TCA_ExampleUITests.swift */,
				AC8046BA2C65B0D900A90F1A /* TCA_ExampleUITestsLaunchTests.swift */,
			);
			path = "TCA-ExampleUITests";
			sourceTree = "<group>";
		};
/* End PBXGroup section */

/* Begin PBXNativeTarget section */
		AC8046992C65B0D700A90F1A /* TCA-Example */ = {
			isa = PBXNativeTarget;
			buildConfigurationList = AC8046BE2C65B0D900A90F1A /* Build configuration list for PBXNativeTarget "TCA-Example" */;
			buildPhases = (
				AC8046962C65B0D700A90F1A /* Sources */,
				AC8046972C65B0D700A90F1A /* Frameworks */,
				AC8046982C65B0D700A90F1A /* Resources */,
			);
			buildRules = (
			);
			dependencies = (
			);
			name = "TCA-Example";
			packageProductDependencies = (
				AC8046CB2C65B37300A90F1A /* ComposableArchitecture */,
			);
			productName = "TCA-Example";
			productReference = AC80469A2C65B0D700A90F1A /* TCA-Example.app */;
			productType = "com.apple.product-type.application";
		};
		AC8046A92C65B0D900A90F1A /* TCA-ExampleTests */ = {
			isa = PBXNativeTarget;
			buildConfigurationList = AC8046C12C65B0D900A90F1A /* Build configuration list for PBXNativeTarget "TCA-ExampleTests" */;
			buildPhases = (
				AC8046A62C65B0D900A90F1A /* Sources */,
				AC8046A72C65B0D900A90F1A /* Frameworks */,
				AC8046A82C65B0D900A90F1A /* Resources */,
			);
			buildRules = (
			);
			dependencies = (
				AC8046AC2C65B0D900A90F1A /* PBXTargetDependency */,
			);
			name = "TCA-ExampleTests";
			productName = "TCA-ExampleTests";
			productReference = AC8046AA2C65B0D900A90F1A /* TCA-ExampleTests.xctest */;
			productType = "com.apple.product-type.bundle.unit-test";
		};
		AC8046B32C65B0D900A90F1A /* TCA-ExampleUITests */ = {
			isa = PBXNativeTarget;
			buildConfigurationList = AC8046C42C65B0D900A90F1A /* Build configuration list for PBXNativeTarget "TCA-ExampleUITests" */;
			buildPhases = (
				AC8046B02C65B0D900A90F1A /* Sources */,
				AC8046B12C65B0D900A90F1A /* Frameworks */,
				AC8046B22C65B0D900A90F1A /* Resources */,
			);
			buildRules = (
			);
			dependencies = (
				AC8046B62C65B0D900A90F1A /* PBXTargetDependency */,
			);
			name = "TCA-ExampleUITests";
			productName = "TCA-ExampleUITests";
			productReference = AC8046B42C65B0D900A90F1A /* TCA-ExampleUITests.xctest */;
			productType = "com.apple.product-type.bundle.ui-testing";
		};
/* End PBXNativeTarget section */

/* Begin PBXProject section */
		AC8046922C65B0D700A90F1A /* Project object */ = {
			isa = PBXProject;
			attributes = {
				BuildIndependentTargetsInParallel = 1;
				LastSwiftUpdateCheck = 1540;
				LastUpgradeCheck = 1540;
				TargetAttributes = {
					AC8046992C65B0D700A90F1A = {
						CreatedOnToolsVersion = 15.4;
					};
					AC8046A92C65B0D900A90F1A = {
						CreatedOnToolsVersion = 15.4;
						TestTargetID = AC8046992C65B0D700A90F1A;
					};
					AC8046B32C65B0D900A90F1A = {
						CreatedOnToolsVersion = 15.4;
						TestTargetID = AC8046992C65B0D700A90F1A;
					};
				};
			};
			buildConfigurationList = AC8046952C65B0D700A90F1A /* Build configuration list for PBXProject "TCA-Example" */;
			compatibilityVersion = "Xcode 14.0";
			developmentRegion = en;
			hasScannedForEncodings = 0;
			knownRegions = (
				en,
				Base,
			);
			mainGroup = AC8046912C65B0D700A90F1A;
			packageReferences = (
				AC8046CA2C65B37300A90F1A /* XCRemoteSwiftPackageReference "swift-composable-architecture" */,
			);
			productRefGroup = AC80469B2C65B0D700A90F1A /* Products */;
			projectDirPath = "";
			projectRoot = "";
			targets = (
				AC8046992C65B0D700A90F1A /* TCA-Example */,
				AC8046A92C65B0D900A90F1A /* TCA-ExampleTests */,
				AC8046B32C65B0D900A90F1A /* TCA-ExampleUITests */,
			);
		};
/* End PBXProject section */

/* Begin PBXResourcesBuildPhase section */
		AC8046982C65B0D700A90F1A /* Resources */ = {
			isa = PBXResourcesBuildPhase;
			buildActionMask = 2147483647;
			files = (
				AC8046A52C65B0D900A90F1A /* Preview Assets.xcassets in Resources */,
				AC8046A22C65B0D900A90F1A /* Assets.xcassets in Resources */,
			);
			runOnlyForDeploymentPostprocessing = 0;
		};
		AC8046A82C65B0D900A90F1A /* Resources */ = {
			isa = PBXResourcesBuildPhase;
			buildActionMask = 2147483647;
			files = (
			);
			runOnlyForDeploymentPostprocessing = 0;
		};
		AC8046B22C65B0D900A90F1A /* Resources */ = {
			isa = PBXResourcesBuildPhase;
			buildActionMask = 2147483647;
			files = (
			);
			runOnlyForDeploymentPostprocessing = 0;
		};
/* End PBXResourcesBuildPhase section */

/* Begin PBXSourcesBuildPhase section */
		AC8046962C65B0D700A90F1A /* Sources */ = {
			isa = PBXSourcesBuildPhase;
			buildActionMask = 2147483647;
			files = (
				AC8046A02C65B0D700A90F1A /* ContentView.swift in Sources */,
				AC8046C82C65B32200A90F1A /* ContentViewFeature.swift in Sources */,
				AC80469E2C65B0D700A90F1A /* TCA_ExampleApp.swift in Sources */,
			);
			runOnlyForDeploymentPostprocessing = 0;
		};
		AC8046A62C65B0D900A90F1A /* Sources */ = {
			isa = PBXSourcesBuildPhase;
			buildActionMask = 2147483647;
			files = (
				AC8046AF2C65B0D900A90F1A /* TCA_ExampleTests.swift in Sources */,
				AC8046C92C65B32200A90F1A /* ContentViewFeature.swift in Sources */,
			);
			runOnlyForDeploymentPostprocessing = 0;
		};
		AC8046B02C65B0D900A90F1A /* Sources */ = {
			isa = PBXSourcesBuildPhase;
			buildActionMask = 2147483647;
			files = (
				AC8046BB2C65B0D900A90F1A /* TCA_ExampleUITestsLaunchTests.swift in Sources */,
				AC8046B92C65B0D900A90F1A /* TCA_ExampleUITests.swift in Sources */,
			);
			runOnlyForDeploymentPostprocessing = 0;
		};
/* End PBXSourcesBuildPhase section */

/* Begin PBXTargetDependency section */
		AC8046AC2C65B0D900A90F1A /* PBXTargetDependency */ = {
			isa = PBXTargetDependency;
			target = AC8046992C65B0D700A90F1A /* TCA-Example */;
			targetProxy = AC8046AB2C65B0D900A90F1A /* PBXContainerItemProxy */;
		};
		AC8046B62C65B0D900A90F1A /* PBXTargetDependency */ = {
			isa = PBXTargetDependency;
			target = AC8046992C65B0D700A90F1A /* TCA-Example */;
			targetProxy = AC8046B52C65B0D900A90F1A /* PBXContainerItemProxy */;
		};
/* End PBXTargetDependency section */

/* Begin XCBuildConfiguration section */
		AC8046BC2C65B0D900A90F1A /* Debug */ = {
			isa = XCBuildConfiguration;
			buildSettings = {
				ALWAYS_SEARCH_USER_PATHS = NO;
				ASSETCATALOG_COMPILER_GENERATE_SWIFT_ASSET_SYMBOL_EXTENSIONS = YES;
				CLANG_ANALYZER_NONNULL = YES;
				CLANG_ANALYZER_NUMBER_OBJECT_CONVERSION = YES_AGGRESSIVE;
				CLANG_CXX_LANGUAGE_STANDARD = "gnu++20";
				CLANG_ENABLE_MODULES = YES;
				CLANG_ENABLE_OBJC_ARC = YES;
				CLANG_ENABLE_OBJC_WEAK = YES;
				CLANG_WARN_BLOCK_CAPTURE_AUTORELEASING = YES;
				CLANG_WARN_BOOL_CONVERSION = YES;
				CLANG_WARN_COMMA = YES;
				CLANG_WARN_CONSTANT_CONVERSION = YES;
				CLANG_WARN_DEPRECATED_OBJC_IMPLEMENTATIONS = YES;
				CLANG_WARN_DIRECT_OBJC_ISA_USAGE = YES_ERROR;
				CLANG_WARN_DOCUMENTATION_COMMENTS = YES;
				CLANG_WARN_EMPTY_BODY = YES;
				CLANG_WARN_ENUM_CONVERSION = YES;
				CLANG_WARN_INFINITE_RECURSION = YES;
				CLANG_WARN_INT_CONVERSION = YES;
				CLANG_WARN_NON_LITERAL_NULL_CONVERSION = YES;
				CLANG_WARN_OBJC_IMPLICIT_RETAIN_SELF = YES;
				CLANG_WARN_OBJC_LITERAL_CONVERSION = YES;
				CLANG_WARN_OBJC_ROOT_CLASS = YES_ERROR;
				CLANG_WARN_QUOTED_INCLUDE_IN_FRAMEWORK_HEADER = YES;
				CLANG_WARN_RANGE_LOOP_ANALYSIS = YES;
				CLANG_WARN_STRICT_PROTOTYPES = YES;
				CLANG_WARN_SUSPICIOUS_MOVE = YES;
				CLANG_WARN_UNGUARDED_AVAILABILITY = YES_AGGRESSIVE;
				CLANG_WARN_UNREACHABLE_CODE = YES;
				CLANG_WARN__DUPLICATE_METHOD_MATCH = YES;
				COPY_PHASE_STRIP = NO;
				DEBUG_INFORMATION_FORMAT = dwarf;
				ENABLE_STRICT_OBJC_MSGSEND = YES;
				ENABLE_TESTABILITY = YES;
				ENABLE_USER_SCRIPT_SANDBOXING = YES;
				GCC_C_LANGUAGE_STANDARD = gnu17;
				GCC_DYNAMIC_NO_PIC = NO;
				GCC_NO_COMMON_BLOCKS = YES;
				GCC_OPTIMIZATION_LEVEL = 0;
				GCC_PREPROCESSOR_DEFINITIONS = (
					"DEBUG=1",
					"$(inherited)",
				);
				GCC_WARN_64_TO_32_BIT_CONVERSION = YES;
				GCC_WARN_ABOUT_RETURN_TYPE = YES_ERROR;
				GCC_WARN_UNDECLARED_SELECTOR = YES;
				GCC_WARN_UNINITIALIZED_AUTOS = YES_AGGRESSIVE;
				GCC_WARN_UNUSED_FUNCTION = YES;
				GCC_WARN_UNUSED_VARIABLE = YES;
				IPHONEOS_DEPLOYMENT_TARGET = 17.5;
				LOCALIZATION_PREFERS_STRING_CATALOGS = YES;
				MTL_ENABLE_DEBUG_INFO = INCLUDE_SOURCE;
				MTL_FAST_MATH = YES;
				ONLY_ACTIVE_ARCH = YES;
				SDKROOT = iphoneos;
				SWIFT_ACTIVE_COMPILATION_CONDITIONS = "DEBUG $(inherited)";
				SWIFT_OPTIMIZATION_LEVEL = "-Onone";
			};
			name = Debug;
		};
		AC8046BD2C65B0D900A90F1A /* Release */ = {
			isa = XCBuildConfiguration;
			buildSettings = {
				ALWAYS_SEARCH_USER_PATHS = NO;
				ASSETCATALOG_COMPILER_GENERATE_SWIFT_ASSET_SYMBOL_EXTENSIONS = YES;
				CLANG_ANALYZER_NONNULL = YES;
				CLANG_ANALYZER_NUMBER_OBJECT_CONVERSION = YES_AGGRESSIVE;
				CLANG_CXX_LANGUAGE_STANDARD = "gnu++20";
				CLANG_ENABLE_MODULES = YES;
				CLANG_ENABLE_OBJC_ARC = YES;
				CLANG_ENABLE_OBJC_WEAK = YES;
				CLANG_WARN_BLOCK_CAPTURE_AUTORELEASING = YES;
				CLANG_WARN_BOOL_CONVERSION = YES;
				CLANG_WARN_COMMA = YES;
				CLANG_WARN_CONSTANT_CONVERSION = YES;
				CLANG_WARN_DEPRECATED_OBJC_IMPLEMENTATIONS = YES;
				CLANG_WARN_DIRECT_OBJC_ISA_USAGE = YES_ERROR;
				CLANG_WARN_DOCUMENTATION_COMMENTS = YES;
				CLANG_WARN_EMPTY_BODY = YES;
				CLANG_WARN_ENUM_CONVERSION = YES;
				CLANG_WARN_INFINITE_RECURSION = YES;
				CLANG_WARN_INT_CONVERSION = YES;
				CLANG_WARN_NON_LITERAL_NULL_CONVERSION = YES;
				CLANG_WARN_OBJC_IMPLICIT_RETAIN_SELF = YES;
				CLANG_WARN_OBJC_LITERAL_CONVERSION = YES;
				CLANG_WARN_OBJC_ROOT_CLASS = YES_ERROR;
				CLANG_WARN_QUOTED_INCLUDE_IN_FRAMEWORK_HEADER = YES;
				CLANG_WARN_RANGE_LOOP_ANALYSIS = YES;
				CLANG_WARN_STRICT_PROTOTYPES = YES;
				CLANG_WARN_SUSPICIOUS_MOVE = YES;
				CLANG_WARN_UNGUARDED_AVAILABILITY = YES_AGGRESSIVE;
				CLANG_WARN_UNREACHABLE_CODE = YES;
				CLANG_WARN__DUPLICATE_METHOD_MATCH = YES;
				COPY_PHASE_STRIP = NO;
				DEBUG_INFORMATION_FORMAT = "dwarf-with-dsym";
				ENABLE_NS_ASSERTIONS = NO;
				ENABLE_STRICT_OBJC_MSGSEND = YES;
				ENABLE_USER_SCRIPT_SANDBOXING = YES;
				GCC_C_LANGUAGE_STANDARD = gnu17;
				GCC_NO_COMMON_BLOCKS = YES;
				GCC_WARN_64_TO_32_BIT_CONVERSION = YES;
				GCC_WARN_ABOUT_RETURN_TYPE = YES_ERROR;
				GCC_WARN_UNDECLARED_SELECTOR = YES;
				GCC_WARN_UNINITIALIZED_AUTOS = YES_AGGRESSIVE;
				GCC_WARN_UNUSED_FUNCTION = YES;
				GCC_WARN_UNUSED_VARIABLE = YES;
				IPHONEOS_DEPLOYMENT_TARGET = 17.5;
				LOCALIZATION_PREFERS_STRING_CATALOGS = YES;
				MTL_ENABLE_DEBUG_INFO = NO;
				MTL_FAST_MATH = YES;
				SDKROOT = iphoneos;
				SWIFT_COMPILATION_MODE = wholemodule;
				VALIDATE_PRODUCT = YES;
			};
			name = Release;
		};
		AC8046BF2C65B0D900A90F1A /* Debug */ = {
			isa = XCBuildConfiguration;
			buildSettings = {
				ASSETCATALOG_COMPILER_APPICON_NAME = AppIcon;
				ASSETCATALOG_COMPILER_GLOBAL_ACCENT_COLOR_NAME = AccentColor;
				CODE_SIGN_STYLE = Automatic;
				CURRENT_PROJECT_VERSION = 1;
				DEVELOPMENT_ASSET_PATHS = "\"TCA-Example/Preview Content\"";
				DEVELOPMENT_TEAM = DC8GM39E89;
				ENABLE_PREVIEWS = YES;
				GENERATE_INFOPLIST_FILE = YES;
				INFOPLIST_KEY_UIApplicationSceneManifest_Generation = YES;
				INFOPLIST_KEY_UIApplicationSupportsIndirectInputEvents = YES;
				INFOPLIST_KEY_UILaunchScreen_Generation = YES;
				INFOPLIST_KEY_UISupportedInterfaceOrientations_iPad = "UIInterfaceOrientationPortrait UIInterfaceOrientationPortraitUpsideDown UIInterfaceOrientationLandscapeLeft UIInterfaceOrientationLandscapeRight";
				INFOPLIST_KEY_UISupportedInterfaceOrientations_iPhone = "UIInterfaceOrientationPortrait UIInterfaceOrientationLandscapeLeft UIInterfaceOrientationLandscapeRight";
				LD_RUNPATH_SEARCH_PATHS = (
					"$(inherited)",
					"@executable_path/Frameworks",
				);
				MARKETING_VERSION = 1.0;
				PRODUCT_BUNDLE_IDENTIFIER = "com.incross.TCA-Example";
				PRODUCT_NAME = "$(TARGET_NAME)";
				SWIFT_EMIT_LOC_STRINGS = YES;
				SWIFT_VERSION = 5.0;
				TARGETED_DEVICE_FAMILY = "1,2";
			};
			name = Debug;
		};
		AC8046C02C65B0D900A90F1A /* Release */ = {
			isa = XCBuildConfiguration;
			buildSettings = {
				ASSETCATALOG_COMPILER_APPICON_NAME = AppIcon;
				ASSETCATALOG_COMPILER_GLOBAL_ACCENT_COLOR_NAME = AccentColor;
				CODE_SIGN_STYLE = Automatic;
				CURRENT_PROJECT_VERSION = 1;
				DEVELOPMENT_ASSET_PATHS = "\"TCA-Example/Preview Content\"";
				DEVELOPMENT_TEAM = DC8GM39E89;
				ENABLE_PREVIEWS = YES;
				GENERATE_INFOPLIST_FILE = YES;
				INFOPLIST_KEY_UIApplicationSceneManifest_Generation = YES;
				INFOPLIST_KEY_UIApplicationSupportsIndirectInputEvents = YES;
				INFOPLIST_KEY_UILaunchScreen_Generation = YES;
				INFOPLIST_KEY_UISupportedInterfaceOrientations_iPad = "UIInterfaceOrientationPortrait UIInterfaceOrientationPortraitUpsideDown UIInterfaceOrientationLandscapeLeft UIInterfaceOrientationLandscapeRight";
				INFOPLIST_KEY_UISupportedInterfaceOrientations_iPhone = "UIInterfaceOrientationPortrait UIInterfaceOrientationLandscapeLeft UIInterfaceOrientationLandscapeRight";
				LD_RUNPATH_SEARCH_PATHS = (
					"$(inherited)",
					"@executable_path/Frameworks",
				);
				MARKETING_VERSION = 1.0;
				PRODUCT_BUNDLE_IDENTIFIER = "com.incross.TCA-Example";
				PRODUCT_NAME = "$(TARGET_NAME)";
				SWIFT_EMIT_LOC_STRINGS = YES;
				SWIFT_VERSION = 5.0;
				TARGETED_DEVICE_FAMILY = "1,2";
			};
			name = Release;
		};
		AC8046C22C65B0D900A90F1A /* Debug */ = {
			isa = XCBuildConfiguration;
			buildSettings = {
				ALWAYS_EMBED_SWIFT_STANDARD_LIBRARIES = YES;
				BUNDLE_LOADER = "$(TEST_HOST)";
				CODE_SIGN_STYLE = Automatic;
				CURRENT_PROJECT_VERSION = 1;
				DEVELOPMENT_TEAM = DC8GM39E89;
				GENERATE_INFOPLIST_FILE = YES;
				IPHONEOS_DEPLOYMENT_TARGET = 17.5;
				MARKETING_VERSION = 1.0;
				PRODUCT_BUNDLE_IDENTIFIER = "com.incross.TCA-ExampleTests";
				PRODUCT_NAME = "$(TARGET_NAME)";
				SWIFT_EMIT_LOC_STRINGS = NO;
				SWIFT_VERSION = 5.0;
				TARGETED_DEVICE_FAMILY = "1,2";
				TEST_HOST = "$(BUILT_PRODUCTS_DIR)/TCA-Example.app/$(BUNDLE_EXECUTABLE_FOLDER_PATH)/TCA-Example";
			};
			name = Debug;
		};
		AC8046C32C65B0D900A90F1A /* Release */ = {
			isa = XCBuildConfiguration;
			buildSettings = {
				ALWAYS_EMBED_SWIFT_STANDARD_LIBRARIES = YES;
				BUNDLE_LOADER = "$(TEST_HOST)";
				CODE_SIGN_STYLE = Automatic;
				CURRENT_PROJECT_VERSION = 1;
				DEVELOPMENT_TEAM = DC8GM39E89;
				GENERATE_INFOPLIST_FILE = YES;
				IPHONEOS_DEPLOYMENT_TARGET = 17.5;
				MARKETING_VERSION = 1.0;
				PRODUCT_BUNDLE_IDENTIFIER = "com.incross.TCA-ExampleTests";
				PRODUCT_NAME = "$(TARGET_NAME)";
				SWIFT_EMIT_LOC_STRINGS = NO;
				SWIFT_VERSION = 5.0;
				TARGETED_DEVICE_FAMILY = "1,2";
				TEST_HOST = "$(BUILT_PRODUCTS_DIR)/TCA-Example.app/$(BUNDLE_EXECUTABLE_FOLDER_PATH)/TCA-Example";
			};
			name = Release;
		};
		AC8046C52C65B0D900A90F1A /* Debug */ = {
			isa = XCBuildConfiguration;
			buildSettings = {
				ALWAYS_EMBED_SWIFT_STANDARD_LIBRARIES = YES;
				CODE_SIGN_STYLE = Automatic;
				CURRENT_PROJECT_VERSION = 1;
				DEVELOPMENT_TEAM = DC8GM39E89;
				GENERATE_INFOPLIST_FILE = YES;
				MARKETING_VERSION = 1.0;
				PRODUCT_BUNDLE_IDENTIFIER = "com.incross.TCA-ExampleUITests";
				PRODUCT_NAME = "$(TARGET_NAME)";
				SWIFT_EMIT_LOC_STRINGS = NO;
				SWIFT_VERSION = 5.0;
				TARGETED_DEVICE_FAMILY = "1,2";
				TEST_TARGET_NAME = "TCA-Example";
			};
			name = Debug;
		};
		AC8046C62C65B0D900A90F1A /* Release */ = {
			isa = XCBuildConfiguration;
			buildSettings = {
				ALWAYS_EMBED_SWIFT_STANDARD_LIBRARIES = YES;
				CODE_SIGN_STYLE = Automatic;
				CURRENT_PROJECT_VERSION = 1;
				DEVELOPMENT_TEAM = DC8GM39E89;
				GENERATE_INFOPLIST_FILE = YES;
				MARKETING_VERSION = 1.0;
				PRODUCT_BUNDLE_IDENTIFIER = "com.incross.TCA-ExampleUITests";
				PRODUCT_NAME = "$(TARGET_NAME)";
				SWIFT_EMIT_LOC_STRINGS = NO;
				SWIFT_VERSION = 5.0;
				TARGETED_DEVICE_FAMILY = "1,2";
				TEST_TARGET_NAME = "TCA-Example";
			};
			name = Release;
		};
/* End XCBuildConfiguration section */

/* Begin XCConfigurationList section */
		AC8046952C65B0D700A90F1A /* Build configuration list for PBXProject "TCA-Example" */ = {
			isa = XCConfigurationList;
			buildConfigurations = (
				AC8046BC2C65B0D900A90F1A /* Debug */,
				AC8046BD2C65B0D900A90F1A /* Release */,
			);
			defaultConfigurationIsVisible = 0;
			defaultConfigurationName = Release;
		};
		AC8046BE2C65B0D900A90F1A /* Build configuration list for PBXNativeTarget "TCA-Example" */ = {
			isa = XCConfigurationList;
			buildConfigurations = (
				AC8046BF2C65B0D900A90F1A /* Debug */,
				AC8046C02C65B0D900A90F1A /* Release */,
			);
			defaultConfigurationIsVisible = 0;
			defaultConfigurationName = Release;
		};
		AC8046C12C65B0D900A90F1A /* Build configuration list for PBXNativeTarget "TCA-ExampleTests" */ = {
			isa = XCConfigurationList;
			buildConfigurations = (
				AC8046C22C65B0D900A90F1A /* Debug */,
				AC8046C32C65B0D900A90F1A /* Release */,
			);
			defaultConfigurationIsVisible = 0;
			defaultConfigurationName = Release;
		};
		AC8046C42C65B0D900A90F1A /* Build configuration list for PBXNativeTarget "TCA-ExampleUITests" */ = {
			isa = XCConfigurationList;
			buildConfigurations = (
				AC8046C52C65B0D900A90F1A /* Debug */,
				AC8046C62C65B0D900A90F1A /* Release */,
			);
			defaultConfigurationIsVisible = 0;
			defaultConfigurationName = Release;
		};
/* End XCConfigurationList section */

/* Begin XCRemoteSwiftPackageReference section */
		AC8046CA2C65B37300A90F1A /* XCRemoteSwiftPackageReference "swift-composable-architecture" */ = {
			isa = XCRemoteSwiftPackageReference;
			repositoryURL = "https://github.com/pointfreeco/swift-composable-architecture.git";
			requirement = {
				kind = upToNextMajorVersion;
				minimumVersion = 1.12.1;
			};
		};
/* End XCRemoteSwiftPackageReference section */

/* Begin XCSwiftPackageProductDependency section */
		AC8046CB2C65B37300A90F1A /* ComposableArchitecture */ = {
			isa = XCSwiftPackageProductDependency;
			package = AC8046CA2C65B37300A90F1A /* XCRemoteSwiftPackageReference "swift-composable-architecture" */;
			productName = ComposableArchitecture;
		};
/* End XCSwiftPackageProductDependency section */
	};
	rootObject = AC8046922C65B0D700A90F1A /* Project object */;
}
